
Microsoft Visual Studio Solution File, Format Version 12.00
# Visual Studio 15
VisualStudioVersion = 15.0.27130.2027
MinimumVisualStudioVersion = 10.0.40219.1
Project("{FAE04EC0-301F-11D3-BF4B-00C04F79EFBC}") = "AdapterPattern", "AdapterPattern\AdapterPattern.csproj", "{4B6E037E-A7F5-44D1-A529-81D82DD1A956}"
EndProject
Project("{FAE04EC0-301F-11D3-BF4B-00C04F79EFBC}") = "StrategyPattern.Interfaces", "StrategyPattern\StrategyPattern.Interfaces.csproj", "{4D7EB1A0-9566-418E-B79F-A4E1040E3E1E}"
EndProject
Project("{FAE04EC0-301F-11D3-BF4B-00C04F79EFBC}") = "StrategyPattern.Functions", "StrategyPattern.Functions\StrategyPattern.Functions.csproj", "{BC246B7A-4312-413C-AC84-740AE6291A37}"
EndProject
Project("{FAE04EC0-301F-11D3-BF4B-00C04F79EFBC}") = "BridgePattern", "BridgePattern\BridgePattern.csproj", "{6C4A3418-5D57-4F45-B7C7-2D792C691F3E}"
EndProject
Project("{FAE04EC0-301F-11D3-BF4B-00C04F79EFBC}") = "BuilderPattern", "BuilderPattern\BuilderPattern.csproj", "{46C9673A-6A04-40B8-B5AE-DBDB042C6B8F}"
EndProject
Project("{FAE04EC0-301F-11D3-BF4B-00C04F79EFBC}") = "ChainOfResponsibilityPattern", "ChainOfResponsibilityPattern\ChainOfResponsibilityPattern.csproj", "{53E51BE7-C6A1-45D8-A8E4-257FFC4F1FE0}"
EndProject
Project("{FAE04EC0-301F-11D3-BF4B-00C04F79EFBC}") = "CommandPattern", "CommandPattern\CommandPattern.csproj", "{6DFC5890-D278-4D9D-BCC5-574DEF2E5C82}"
EndProject
Project("{FAE04EC0-301F-11D3-BF4B-00C04F79EFBC}") = "CompositePattern", "CompositePattern\CompositePattern.csproj", "{0ADBF528-04AD-492C-BBAC-4AA33081ABF2}"
EndProject
Project("{FAE04EC0-301F-11D3-BF4B-00C04F79EFBC}") = "MementoPattern", "MementoPattern\MementoPattern.csproj", "{E9629B9A-F2F0-468C-B620-691C3FAE8CF3}"
EndProject
Project("{FAE04EC0-301F-11D3-BF4B-00C04F79EFBC}") = "Patterns.EventAggregator", "Patterns.EventAggregator\Patterns.EventAggregator.csproj", "{88B69E43-A4D9-463F-BFF5-EF31A9273688}"
EndProject
Global
	GlobalSection(SolutionConfigurationPlatforms) = preSolution
		Debug|Any CPU = Debug|Any CPU
		Release|Any CPU = Release|Any CPU
	EndGlobalSection
	GlobalSection(ProjectConfigurationPlatforms) = postSolution
		{4B6E037E-A7F5-44D1-A529-81D82DD1A956}.Debug|Any CPU.ActiveCfg = Debug|Any CPU
		{4B6E037E-A7F5-44D1-A529-81D82DD1A956}.Debug|Any CPU.Build.0 = Debug|Any CPU
		{4B6E037E-A7F5-44D1-A529-81D82DD1A956}.Release|Any CPU.ActiveCfg = Release|Any CPU
		{4B6E037E-A7F5-44D1-A529-81D82DD1A956}.Release|Any CPU.Build.0 = Release|Any CPU
		{4D7EB1A0-9566-418E-B79F-A4E1040E3E1E}.Debug|Any CPU.ActiveCfg = Debug|Any CPU
		{4D7EB1A0-9566-418E-B79F-A4E1040E3E1E}.Debug|Any CPU.Build.0 = Debug|Any CPU
		{4D7EB1A0-9566-418E-B79F-A4E1040E3E1E}.Release|Any CPU.ActiveCfg = Release|Any CPU
		{4D7EB1A0-9566-418E-B79F-A4E1040E3E1E}.Release|Any CPU.Build.0 = Release|Any CPU
		{BC246B7A-4312-413C-AC84-740AE6291A37}.Debug|Any CPU.ActiveCfg = Debug|Any CPU
		{BC246B7A-4312-413C-AC84-740AE6291A37}.Debug|Any CPU.Build.0 = Debug|Any CPU
		{BC246B7A-4312-413C-AC84-740AE6291A37}.Release|Any CPU.ActiveCfg = Release|Any CPU
		{BC246B7A-4312-413C-AC84-740AE6291A37}.Release|Any CPU.Build.0 = Release|Any CPU
		{6C4A3418-5D57-4F45-B7C7-2D792C691F3E}.Debug|Any CPU.ActiveCfg = Debug|Any CPU
		{6C4A3418-5D57-4F45-B7C7-2D792C691F3E}.Debug|Any CPU.Build.0 = Debug|Any CPU
		{6C4A3418-5D57-4F45-B7C7-2D792C691F3E}.Release|Any CPU.ActiveCfg = Release|Any CPU
		{6C4A3418-5D57-4F45-B7C7-2D792C691F3E}.Release|Any CPU.Build.0 = Release|Any CPU
		{46C9673A-6A04-40B8-B5AE-DBDB042C6B8F}.Debug|Any CPU.ActiveCfg = Debug|Any CPU
		{46C9673A-6A04-40B8-B5AE-DBDB042C6B8F}.Debug|Any CPU.Build.0 = Debug|Any CPU
		{46C9673A-6A04-40B8-B5AE-DBDB042C6B8F}.Release|Any CPU.ActiveCfg = Release|Any CPU
		{46C9673A-6A04-40B8-B5AE-DBDB042C6B8F}.Release|Any CPU.Build.0 = Release|Any CPU
		{53E51BE7-C6A1-45D8-A8E4-257FFC4F1FE0}.Debug|Any CPU.ActiveCfg = Debug|Any CPU
		{53E51BE7-C6A1-45D8-A8E4-257FFC4F1FE0}.Debug|Any CPU.Build.0 = Debug|Any CPU
		{53E51BE7-C6A1-45D8-A8E4-257FFC4F1FE0}.Release|Any CPU.ActiveCfg = Release|Any CPU
		{53E51BE7-C6A1-45D8-A8E4-257FFC4F1FE0}.Release|Any CPU.Build.0 = Release|Any CPU
		{6DFC5890-D278-4D9D-BCC5-574DEF2E5C82}.Debug|Any CPU.ActiveCfg = Debug|Any CPU
		{6DFC5890-D278-4D9D-BCC5-574DEF2E5C82}.Debug|Any CPU.Build.0 = Debug|Any CPU
		{6DFC5890-D278-4D9D-BCC5-574DEF2E5C82}.Release|Any CPU.ActiveCfg = Release|Any CPU
		{6DFC5890-D278-4D9D-BCC5-574DEF2E5C82}.Release|Any CPU.Build.0 = Release|Any CPU
		{0ADBF528-04AD-492C-BBAC-4AA33081ABF2}.Debug|Any CPU.ActiveCfg = Debug|Any CPU
		{0ADBF528-04AD-492C-BBAC-4AA33081ABF2}.Debug|Any CPU.Build.0 = Debug|Any CPU
		{0ADBF528-04AD-492C-BBAC-4AA33081ABF2}.Release|Any CPU.ActiveCfg = Release|Any CPU
		{0ADBF528-04AD-492C-BBAC-4AA33081ABF2}.Release|Any CPU.Build.0 = Release|Any CPU
		{E9629B9A-F2F0-468C-B620-691C3FAE8CF3}.Debug|Any CPU.ActiveCfg = Debug|Any CPU
		{E9629B9A-F2F0-468C-B620-691C3FAE8CF3}.Debug|Any CPU.Build.0 = Debug|Any CPU
		{E9629B9A-F2F0-468C-B620-691C3FAE8CF3}.Release|Any CPU.ActiveCfg = Release|Any CPU
		{E9629B9A-F2F0-468C-B620-691C3FAE8CF3}.Release|Any CPU.Build.0 = Release|Any CPU
		{88B69E43-A4D9-463F-BFF5-EF31A9273688}.Debug|Any CPU.ActiveCfg = Debug|Any CPU
		{88B69E43-A4D9-463F-BFF5-EF31A9273688}.Debug|Any CPU.Build.0 = Debug|Any CPU
		{88B69E43-A4D9-463F-BFF5-EF31A9273688}.Release|Any CPU.ActiveCfg = Release|Any CPU
		{88B69E43-A4D9-463F-BFF5-EF31A9273688}.Release|Any CPU.Build.0 = Release|Any CPU
	EndGlobalSection
	GlobalSection(SolutionProperties) = preSolution
		HideSolutionNode = FALSE
	EndGlobalSection
	GlobalSection(ExtensibilityGlobals) = postSolution
		SolutionGuid = {F68A369F-BE4C-4EEA-A7BB-B6453B7B4BAE}
	EndGlobalSection
EndGlobal
